
Microsoft Visual Studio Solution File, Format Version 12.00
# Visual Studio Version 16
VisualStudioVersion = 16.0.30621.155
MinimumVisualStudioVersion = 10.0.40219.1
Project("{FAE04EC0-301F-11D3-BF4B-00C04F79EFBC}") = "AnimationWPF", "AnimationWPF\AnimationWPF.csproj", "{AFE6FDB9-0FD4-42D8-9FCE-32E782C9C329}"
EndProject
Global
	GlobalSection(SolutionConfigurationPlatforms) = preSolution
		Debug|Any CPU = Debug|Any CPU
		Release|Any CPU = Release|Any CPU
	EndGlobalSection
	GlobalSection(ProjectConfigurationPlatforms) = postSolution
		{AFE6FDB9-0FD4-42D8-9FCE-32E782C9C329}.Debug|Any CPU.ActiveCfg = Debug|Any CPU
		{AFE6FDB9-0FD4-42D8-9FCE-32E782C9C329}.Debug|Any CPU.Build.0 = Debug|Any CPU
		{AFE6FDB9-0FD4-42D8-9FCE-32E782C9C329}.Release|Any CPU.ActiveCfg = Release|Any CPU
		{AFE6FDB9-0FD4-42D8-9FCE-32E782C9C329}.Release|Any CPU.Build.0 = Release|Any CPU
	EndGlobalSection
	GlobalSection(SolutionProperties) = preSolution
		HideSolutionNode = FALSE
	EndGlobalSection
	GlobalSection(ExtensibilityGlobals) = postSolution
		SolutionGuid = {238F36E6-E2AF-49BB-9CBB-5FC0CD7F9774}
	EndGlobalSection
EndGlobal
